{
  "name": "zh-yunyy",
  "version": "1.0.0",
  "lockfileVersion": 1,
  "requires": true,
  "dependencies": {
    "@vant/weapp": {
      "version": "1.6.8",
      "resolved": "https://registry.npm.taobao.org/@vant/weapp/download/@vant/weapp-1.6.8.tgz",
      "integrity": "sha1-lIrhb7oHxaIFTFJ4PyKq9qBEU+E="
    },
    "moment": {
      "version": "2.29.1",
      "resolved": "https://registry.npm.taobao.org/moment/download/moment-2.29.1.tgz",
      "integrity": "sha1-sr52n6MZQL6e7qZGnAdeNQBvo9M="
    },
    "pubsub-js": {
      "version": "1.9.3",
      "resolved": "https://registry.npm.taobao.org/pubsub-js/download/pubsub-js-1.9.3.tgz",
      "integrity": "sha1-Z07qTVaNBALgUnzbEOKqt7VWIdI="
    }
  }
}
